{
  "name": "coding+projects",
  "lockfileVersion": 3,
  "requires": true,
  "packages": {
    "": {
      "dependencies": {
        "profane-words": "^2.1.0"
      }
    },
    "node_modules/profane-words": {
      "version": "2.1.0",
      "resolved": "https://registry.npmjs.org/profane-words/-/profane-words-2.1.0.tgz",
      "integrity": "sha512-bPiD1QwiLXnlC8ydATG/0DGzflkcfKVODt1c+srtrGaFaWoABjROrBEj9oHVGXAT7tQk7uo0LB782Fjkv47eHw==",
      "license": "WTFPL"
    }
  }
}
